// !$*UTF8*$!
{
	archiveVersion = 1;
	classes = {
	};
	objectVersion = 50;
	objects = {

/* Begin PBXBuildFile section */
		1D2BB8722341174700AF8521 /* AppDelegate.swift in Sources */ = {isa = PBXBuildFile; fileRef = 1D2BB8712341174700AF8521 /* AppDelegate.swift */; };
		1D2BB8742341174700AF8521 /* ViewController.swift in Sources */ = {isa = PBXBuildFile; fileRef = 1D2BB8732341174700AF8521 /* ViewController.swift */; };
		1D2BB8772341174700AF8521 /* Main.storyboard in Resources */ = {isa = PBXBuildFile; fileRef = 1D2BB8752341174700AF8521 /* Main.storyboard */; };
		1D2BB8792341174B00AF8521 /* Assets.xcassets in Resources */ = {isa = PBXBuildFile; fileRef = 1D2BB8782341174B00AF8521 /* Assets.xcassets */; };
		1D2BB87C2341174B00AF8521 /* LaunchScreen.storyboard in Resources */ = {isa = PBXBuildFile; fileRef = 1D2BB87A2341174B00AF8521 /* LaunchScreen.storyboard */; };
		1D2BB8852341185100AF8521 /* Canvas.swift in Sources */ = {isa = PBXBuildFile; fileRef = 1D2BB8842341185100AF8521 /* Canvas.swift */; };
		1D2BB8872341187E00AF8521 /* Shape.swift in Sources */ = {isa = PBXBuildFile; fileRef = 1D2BB8862341187E00AF8521 /* Shape.swift */; };
		1D2BB88A23411AA400AF8521 /* Circle.swift in Sources */ = {isa = PBXBuildFile; fileRef = 1D2BB88923411AA400AF8521 /* Circle.swift */; };
		1D2BB88C23411F7200AF8521 /* Rectangle.swift in Sources */ = {isa = PBXBuildFile; fileRef = 1D2BB88B23411F7200AF8521 /* Rectangle.swift */; };
		1D2BB88E2341226500AF8521 /* Triangle.swift in Sources */ = {isa = PBXBuildFile; fileRef = 1D2BB88D2341226500AF8521 /* Triangle.swift */; };
		1D2BB8902341507300AF8521 /* Line.swift in Sources */ = {isa = PBXBuildFile; fileRef = 1D2BB88F2341507300AF8521 /* Line.swift */; };
		1D2BB89223415CBC00AF8521 /* Pencil.swift in Sources */ = {isa = PBXBuildFile; fileRef = 1D2BB89123415CBC00AF8521 /* Pencil.swift */; };
/* End PBXBuildFile section */

/* Begin PBXFileReference section */
		1D2BB86E2341174700AF8521 /* Paint.app */ = {isa = PBXFileReference; explicitFileType = wrapper.application; includeInIndex = 0; path = Paint.app; sourceTree = BUILT_PRODUCTS_DIR; };
		1D2BB8712341174700AF8521 /* AppDelegate.swift */ = {isa = PBXFileReference; lastKnownFileType = sourcecode.swift; path = AppDelegate.swift; sourceTree = "<group>"; };
		1D2BB8732341174700AF8521 /* ViewController.swift */ = {isa = PBXFileReference; lastKnownFileType = sourcecode.swift; path = ViewController.swift; sourceTree = "<group>"; };
		1D2BB8762341174700AF8521 /* Base */ = {isa = PBXFileReference; lastKnownFileType = file.storyboard; name = Base; path = Base.lproj/Main.storyboard; sourceTree = "<group>"; };
		1D2BB8782341174B00AF8521 /* Assets.xcassets */ = {isa = PBXFileReference; lastKnownFileType = folder.assetcatalog; path = Assets.xcassets; sourceTree = "<group>"; };
		1D2BB87B2341174B00AF8521 /* Base */ = {isa = PBXFileReference; lastKnownFileType = file.storyboard; name = Base; path = Base.lproj/LaunchScreen.storyboard; sourceTree = "<group>"; };
		1D2BB87D2341174B00AF8521 /* Info.plist */ = {isa = PBXFileReference; lastKnownFileType = text.plist.xml; path = Info.plist; sourceTree = "<group>"; };
		1D2BB8842341185100AF8521 /* Canvas.swift */ = {isa = PBXFileReference; lastKnownFileType = sourcecode.swift; path = Canvas.swift; sourceTree = "<group>"; };
		1D2BB8862341187E00AF8521 /* Shape.swift */ = {isa = PBXFileReference; lastKnownFileType = sourcecode.swift; path = Shape.swift; sourceTree = "<group>"; };
		1D2BB88923411AA400AF8521 /* Circle.swift */ = {isa = PBXFileReference; lastKnownFileType = sourcecode.swift; path = Circle.swift; sourceTree = "<group>"; };
		1D2BB88B23411F7200AF8521 /* Rectangle.swift */ = {isa = PBXFileReference; lastKnownFileType = sourcecode.swift; path = Rectangle.swift; sourceTree = "<group>"; };
		1D2BB88D2341226500AF8521 /* Triangle.swift */ = {isa = PBXFileReference; lastKnownFileType = sourcecode.swift; path = Triangle.swift; sourceTree = "<group>"; };
		1D2BB88F2341507300AF8521 /* Line.swift */ = {isa = PBXFileReference; lastKnownFileType = sourcecode.swift; path = Line.swift; sourceTree = "<group>"; };
		1D2BB89123415CBC00AF8521 /* Pencil.swift */ = {isa = PBXFileReference; lastKnownFileType = sourcecode.swift; path = Pencil.swift; sourceTree = "<group>"; };
/* End PBXFileReference section */

/* Begin PBXFrameworksBuildPhase section */
		1D2BB86B2341174700AF8521 /* Frameworks */ = {
			isa = PBXFrameworksBuildPhase;
			buildActionMask = 2147483647;
			files = (
			);
			runOnlyForDeploymentPostprocessing = 0;
		};
/* End PBXFrameworksBuildPhase section */

/* Begin PBXGroup section */
		1D2BB8652341174700AF8521 = {
			isa = PBXGroup;
			children = (
				1D2BB8702341174700AF8521 /* Paint */,
				1D2BB86F2341174700AF8521 /* Products */,
			);
			sourceTree = "<group>";
		};
		1D2BB86F2341174700AF8521 /* Products */ = {
			isa = PBXGroup;
			children = (
				1D2BB86E2341174700AF8521 /* Paint.app */,
			);
			name = Products;
			sourceTree = "<group>";
		};
		1D2BB8702341174700AF8521 /* Paint */ = {
			isa = PBXGroup;
			children = (
				1D2BB88823411A9000AF8521 /* Models */,
				1D2BB8832341182200AF8521 /* Views */,
				1D2BB8712341174700AF8521 /* AppDelegate.swift */,
				1D2BB8732341174700AF8521 /* ViewController.swift */,
				1D2BB8752341174700AF8521 /* Main.storyboard */,
				1D2BB8782341174B00AF8521 /* Assets.xcassets */,
				1D2BB87A2341174B00AF8521 /* LaunchScreen.storyboard */,
				1D2BB87D2341174B00AF8521 /* Info.plist */,
			);
			path = Paint;
			sourceTree = "<group>";
		};
		1D2BB8832341182200AF8521 /* Views */ = {
			isa = PBXGroup;
			children = (
				1D2BB8842341185100AF8521 /* Canvas.swift */,
			);
			path = Views;
			sourceTree = "<group>";
		};
		1D2BB88823411A9000AF8521 /* Models */ = {
			isa = PBXGroup;
			children = (
				1D2BB8862341187E00AF8521 /* Shape.swift */,
				1D2BB88923411AA400AF8521 /* Circle.swift */,
				1D2BB88B23411F7200AF8521 /* Rectangle.swift */,
				1D2BB88D2341226500AF8521 /* Triangle.swift */,
				1D2BB88F2341507300AF8521 /* Line.swift */,
				1D2BB89123415CBC00AF8521 /* Pencil.swift */,
			);
			path = Models;
			sourceTree = "<group>";
		};
/* End PBXGroup section */

/* Begin PBXNativeTarget section */
		1D2BB86D2341174700AF8521 /* Paint */ = {
			isa = PBXNativeTarget;
			buildConfigurationList = 1D2BB8802341174B00AF8521 /* Build configuration list for PBXNativeTarget "Paint" */;
			buildPhases = (
				1D2BB86A2341174700AF8521 /* Sources */,
				1D2BB86B2341174700AF8521 /* Frameworks */,
				1D2BB86C2341174700AF8521 /* Resources */,
			);
			buildRules = (
			);
			dependencies = (
			);
			name = Paint;
			productName = Paint;
			productReference = 1D2BB86E2341174700AF8521 /* Paint.app */;
			productType = "com.apple.product-type.application";
		};
/* End PBXNativeTarget section */

/* Begin PBXProject section */
		1D2BB8662341174700AF8521 /* Project object */ = {
			isa = PBXProject;
			attributes = {
				LastSwiftUpdateCheck = 1030;
				LastUpgradeCheck = 1030;
				ORGANIZATIONNAME = Dimash;
				TargetAttributes = {
					1D2BB86D2341174700AF8521 = {
						CreatedOnToolsVersion = 10.3;
					};
				};
			};
			buildConfigurationList = 1D2BB8692341174700AF8521 /* Build configuration list for PBXProject "Paint" */;
			compatibilityVersion = "Xcode 9.3";
			developmentRegion = en;
			hasScannedForEncodings = 0;
			knownRegions = (
				en,
				Base,
			);
			mainGroup = 1D2BB8652341174700AF8521;
			productRefGroup = 1D2BB86F2341174700AF8521 /* Products */;
			projectDirPath = "";
			projectRoot = "";
			targets = (
				1D2BB86D2341174700AF8521 /* Paint */,
			);
		};
/* End PBXProject section */

/* Begin PBXResourcesBuildPhase section */
		1D2BB86C2341174700AF8521 /* Resources */ = {
			isa = PBXResourcesBuildPhase;
			buildActionMask = 2147483647;
			files = (
				1D2BB87C2341174B00AF8521 /* LaunchScreen.storyboard in Resources */,
				1D2BB8792341174B00AF8521 /* Assets.xcassets in Resources */,
				1D2BB8772341174700AF8521 /* Main.storyboard in Resources */,
			);
			runOnlyForDeploymentPostprocessing = 0;
		};
/* End PBXResourcesBuildPhase section */

/* Begin PBXSourcesBuildPhase section */
		1D2BB86A2341174700AF8521 /* Sources */ = {
			isa = PBXSourcesBuildPhase;
			buildActionMask = 2147483647;
			files = (
				1D2BB88A23411AA400AF8521 /* Circle.swift in Sources */,
				1D2BB8742341174700AF8521 /* ViewController.swift in Sources */,
				1D2BB8722341174700AF8521 /* AppDelegate.swift in Sources */,
				1D2BB88C23411F7200AF8521 /* Rectangle.swift in Sources */,
				1D2BB8852341185100AF8521 /* Canvas.swift in Sources */,
				1D2BB89223415CBC00AF8521 /* Pencil.swift in Sources */,
				1D2BB8902341507300AF8521 /* Line.swift in Sources */,
				1D2BB88E2341226500AF8521 /* Triangle.swift in Sources */,
				1D2BB8872341187E00AF8521 /* Shape.swift in Sources */,
			);
			runOnlyForDeploymentPostprocessing = 0;
		};
/* End PBXSourcesBuildPhase section */

/* Begin PBXVariantGroup section */
		1D2BB8752341174700AF8521 /* Main.storyboard */ = {
			isa = PBXVariantGroup;
			children = (
				1D2BB8762341174700AF8521 /* Base */,
			);
			name = Main.storyboard;
			sourceTree = "<group>";
		};
		1D2BB87A2341174B00AF8521 /* LaunchScreen.storyboard */ = {
			isa = PBXVariantGroup;
			children = (
				1D2BB87B2341174B00AF8521 /* Base */,
			);
			name = LaunchScreen.storyboard;
			sourceTree = "<group>";
		};
/* End PBXVariantGroup section */

/* Begin XCBuildConfiguration section */
		1D2BB87E2341174B00AF8521 /* Debug */ = {
			isa = XCBuildConfiguration;
			buildSettings = {
				ALWAYS_SEARCH_USER_PATHS = NO;
				CLANG_ANALYZER_NONNULL = YES;
				CLANG_ANALYZER_NUMBER_OBJECT_CONVERSION = YES_AGGRESSIVE;
				CLANG_CXX_LANGUAGE_STANDARD = "gnu++14";
				CLANG_CXX_LIBRARY = "libc++";
				CLANG_ENABLE_MODULES = YES;
				CLANG_ENABLE_OBJC_ARC = YES;
				CLANG_ENABLE_OBJC_WEAK = YES;
				CLANG_WARN_BLOCK_CAPTURE_AUTORELEASING = YES;
				CLANG_WARN_BOOL_CONVERSION = YES;
				CLANG_WARN_COMMA = YES;
				CLANG_WARN_CONSTANT_CONVERSION = YES;
				CLANG_WARN_DEPRECATED_OBJC_IMPLEMENTATIONS = YES;
				CLANG_WARN_DIRECT_OBJC_ISA_USAGE = YES_ERROR;
				CLANG_WARN_DOCUMENTATION_COMMENTS = YES;
				CLANG_WARN_EMPTY_BODY = YES;
				CLANG_WARN_ENUM_CONVERSION = YES;
				CLANG_WARN_INFINITE_RECURSION = YES;
				CLANG_WARN_INT_CONVERSION = YES;
				CLANG_WARN_NON_LITERAL_NULL_CONVERSION = YES;
				CLANG_WARN_OBJC_IMPLICIT_RETAIN_SELF = YES;
				CLANG_WARN_OBJC_LITERAL_CONVERSION = YES;
				CLANG_WARN_OBJC_ROOT_CLASS = YES_ERROR;
				CLANG_WARN_RANGE_LOOP_ANALYSIS = YES;
				CLANG_WARN_STRICT_PROTOTYPES = YES;
				CLANG_WARN_SUSPICIOUS_MOVE = YES;
				CLANG_WARN_UNGUARDED_AVAILABILITY = YES_AGGRESSIVE;
				CLANG_WARN_UNREACHABLE_CODE = YES;
				CLANG_WARN__DUPLICATE_METHOD_MATCH = YES;
				CODE_SIGN_IDENTITY = "iPhone Developer";
				COPY_PHASE_STRIP = NO;
				DEBUG_INFORMATION_FORMAT = dwarf;
				ENABLE_STRICT_OBJC_MSGSEND = YES;
				ENABLE_TESTABILITY = YES;
				GCC_C_LANGUAGE_STANDARD = gnu11;
				GCC_DYNAMIC_NO_PIC = NO;
				GCC_NO_COMMON_BLOCKS = YES;
				GCC_OPTIMIZATION_LEVEL = 0;
				GCC_PREPROCESSOR_DEFINITIONS = (
					"DEBUG=1",
					"$(inherited)",
				);
				GCC_WARN_64_TO_32_BIT_CONVERSION = YES;
				GCC_WARN_ABOUT_RETURN_TYPE = YES_ERROR;
				GCC_WARN_UNDECLARED_SELECTOR = YES;
				GCC_WARN_UNINITIALIZED_AUTOS = YES_AGGRESSIVE;
				GCC_WARN_UNUSED_FUNCTION = YES;
				GCC_WARN_UNUSED_VARIABLE = YES;
				IPHONEOS_DEPLOYMENT_TARGET = 12.4;
				MTL_ENABLE_DEBUG_INFO = INCLUDE_SOURCE;
				MTL_FAST_MATH = YES;
				ONLY_ACTIVE_ARCH = YES;
				SDKROOT = iphoneos;
				SWIFT_ACTIVE_COMPILATION_CONDITIONS = DEBUG;
				SWIFT_OPTIMIZATION_LEVEL = "-Onone";
			};
			name = Debug;
		};
		1D2BB87F2341174B00AF8521 /* Release */ = {
			isa = XCBuildConfiguration;
			buildSettings = {
				ALWAYS_SEARCH_USER_PATHS = NO;
				CLANG_ANALYZER_NONNULL = YES;
				CLANG_ANALYZER_NUMBER_OBJECT_CONVERSION = YES_AGGRESSIVE;
				CLANG_CXX_LANGUAGE_STANDARD = "gnu++14";
				CLANG_CXX_LIBRARY = "libc++";
				CLANG_ENABLE_MODULES = YES;
				CLANG_ENABLE_OBJC_ARC = YES;
				CLANG_ENABLE_OBJC_WEAK = YES;
				CLANG_WARN_BLOCK_CAPTURE_AUTORELEASING = YES;
				CLANG_WARN_BOOL_CONVERSION = YES;
				CLANG_WARN_COMMA = YES;
				CLANG_WARN_CONSTANT_CONVERSION = YES;
				CLANG_WARN_DEPRECATED_OBJC_IMPLEMENTATIONS = YES;
				CLANG_WARN_DIRECT_OBJC_ISA_USAGE = YES_ERROR;
				CLANG_WARN_DOCUMENTATION_COMMENTS = YES;
				CLANG_WARN_EMPTY_BODY = YES;
				CLANG_WARN_ENUM_CONVERSION = YES;
				CLANG_WARN_INFINITE_RECURSION = YES;
				CLANG_WARN_INT_CONVERSION = YES;
				CLANG_WARN_NON_LITERAL_NULL_CONVERSION = YES;
				CLANG_WARN_OBJC_IMPLICIT_RETAIN_SELF = YES;
				CLANG_WARN_OBJC_LITERAL_CONVERSION = YES;
				CLANG_WARN_OBJC_ROOT_CLASS = YES_ERROR;
				CLANG_WARN_RANGE_LOOP_ANALYSIS = YES;
				CLANG_WARN_STRICT_PROTOTYPES = YES;
				CLANG_WARN_SUSPICIOUS_MOVE = YES;
				CLANG_WARN_UNGUARDED_AVAILABILITY = YES_AGGRESSIVE;
				CLANG_WARN_UNREACHABLE_CODE = YES;
				CLANG_WARN__DUPLICATE_METHOD_MATCH = YES;
				CODE_SIGN_IDENTITY = "iPhone Developer";
				COPY_PHASE_STRIP = NO;
				DEBUG_INFORMATION_FORMAT = "dwarf-with-dsym";
				ENABLE_NS_ASSERTIONS = NO;
				ENABLE_STRICT_OBJC_MSGSEND = YES;
				GCC_C_LANGUAGE_STANDARD = gnu11;
				GCC_NO_COMMON_BLOCKS = YES;
				GCC_WARN_64_TO_32_BIT_CONVERSION = YES;
				GCC_WARN_ABOUT_RETURN_TYPE = YES_ERROR;
				GCC_WARN_UNDECLARED_SELECTOR = YES;
				GCC_WARN_UNINITIALIZED_AUTOS = YES_AGGRESSIVE;
				GCC_WARN_UNUSED_FUNCTION = YES;
				GCC_WARN_UNUSED_VARIABLE = YES;
				IPHONEOS_DEPLOYMENT_TARGET = 12.4;
				MTL_ENABLE_DEBUG_INFO = NO;
				MTL_FAST_MATH = YES;
				SDKROOT = iphoneos;
				SWIFT_COMPILATION_MODE = wholemodule;
				SWIFT_OPTIMIZATION_LEVEL = "-O";
				VALIDATE_PRODUCT = YES;
			};
			name = Release;
		};
		1D2BB8812341174B00AF8521 /* Debug */ = {
			isa = XCBuildConfiguration;
			buildSettings = {
				ASSETCATALOG_COMPILER_APPICON_NAME = AppIcon;
				CODE_SIGN_STYLE = Automatic;
				DEVELOPMENT_TEAM = UY7F4ANNNV;
				INFOPLIST_FILE = Paint/Info.plist;
				LD_RUNPATH_SEARCH_PATHS = (
					"$(inherited)",
					"@executable_path/Frameworks",
				);
				PRODUCT_BUNDLE_IDENTIFIER = dxmvsh.Paint;
				PRODUCT_NAME = "$(TARGET_NAME)";
				SWIFT_VERSION = 5.0;
				TARGETED_DEVICE_FAMILY = "1,2";
			};
			name = Debug;
		};
		1D2BB8822341174B00AF8521 /* Release */ = {
			isa = XCBuildConfiguration;
			buildSettings = {
				ASSETCATALOG_COMPILER_APPICON_NAME = AppIcon;
				CODE_SIGN_STYLE = Automatic;
				DEVELOPMENT_TEAM = UY7F4ANNNV;
				INFOPLIST_FILE = Paint/Info.plist;
				LD_RUNPATH_SEARCH_PATHS = (
					"$(inherited)",
					"@executable_path/Frameworks",
				);
				PRODUCT_BUNDLE_IDENTIFIER = dxmvsh.Paint;
				PRODUCT_NAME = "$(TARGET_NAME)";
				SWIFT_VERSION = 5.0;
				TARGETED_DEVICE_FAMILY = "1,2";
			};
			name = Release;
		};
/* End XCBuildConfiguration section */

/* Begin XCConfigurationList section */
		1D2BB8692341174700AF8521 /* Build configuration list for PBXProject "Paint" */ = {
			isa = XCConfigurationList;
			buildConfigurations = (
				1D2BB87E2341174B00AF8521 /* Debug */,
				1D2BB87F2341174B00AF8521 /* Release */,
			);
			defaultConfigurationIsVisible = 0;
			defaultConfigurationName = Release;
		};
		1D2BB8802341174B00AF8521 /* Build configuration list for PBXNativeTarget "Paint" */ = {
			isa = XCConfigurationList;
			buildConfigurations = (
				1D2BB8812341174B00AF8521 /* Debug */,
				1D2BB8822341174B00AF8521 /* Release */,
			);
			defaultConfigurationIsVisible = 0;
			defaultConfigurationName = Release;
		};
/* End XCConfigurationList section */
	};
	rootObject = 1D2BB8662341174700AF8521 /* Project object */;
}
